{
  "originHash" : "70c19b86a9a60951d2330ee10779f3e2045d75a88685dc9655d2c4e6c036545c",
  "pins" : [
    {
      "identity" : "alamofire",
      "kind" : "remoteSourceControl",
      "location" : "https://github.com/Alamofire/Alamofire.git",
      "state" : {
        "revision" : "f455c2975872ccd2d9c81594c658af65716e9b9a",
        "version" : "5.9.1"
      }
    },
    {
      "identity" : "brightfutures",
      "kind" : "remoteSourceControl",
      "location" : "https://github.com/Thomvis/BrightFutures",
      "state" : {
        "revision" : "fa66fa183dce7196d431244d0215748cd14c5758",
        "version" : "8.2.0"
      }
    },
    {
      "identity" : "shush",
      "kind" : "remoteSourceControl",
      "location" : "https://github.com/dvkch/Shush",
      "state" : {
        "revision" : "86a5c90c82956995c78ee9b2fc3e329bbb0b8066",
        "version" : "1.1.2"
      }
    },
    {
      "identity" : "swiftclient",
      "kind" : "remoteSourceControl",
      "location" : "https://github.com/TelemetryDeck/SwiftClient",
      "state" : {
        "revision" : "d20ccc4b8266cf739eede58cdfc7e9c6ffb41cda",
        "version" : "1.5.1"
      }
    },
    {
      "identity" : "syemailhelper",
      "kind" : "remoteSourceControl",
      "location" : "https://github.com/dvkch/SYEmailHelper.git",
      "state" : {
        "revision" : "01b8eace2c7e26c1e95b1352a98707170999b730",
        "version" : "2.2.0"
      }
    },
    {
      "identity" : "sykit",
      "kind" : "remoteSourceControl",
      "location" : "https://github.com/dvkch/SYKit.git",
      "state" : {
        "revision" : "945e082a43fff62c106cef5a46b612023ea33f7f",
        "version" : "0.2.30"
      }
    }
  ],
  "version" : 3
}
